
Microsoft Visual Studio Solution File, Format Version 12.00
# Visual Studio Version 16
VisualStudioVersion = 16.0.30104.148
MinimumVisualStudioVersion = 10.0.40219.1
Project("{FAE04EC0-301F-11D3-BF4B-00C04F79EFBC}") = "BankerTestinNotCore", "BankerTestinNotCore.csproj", "{28724C6F-E51F-47B2-B428-0DBDB07B017D}"
EndProject
Project("{FAE04EC0-301F-11D3-BF4B-00C04F79EFBC}") = "BankerAccount2", "BankerAccount2\BankerAccount2.csproj", "{11D5871B-B353-4304-BDD3-2836B1073AB8}"
EndProject
Project("{FAE04EC0-301F-11D3-BF4B-00C04F79EFBC}") = "BankerTestingNotCore.Testing", "..\BankerTestingNotCore.Testing\BankerTestingNotCore.Testing.csproj", "{BDE1A3BF-BE58-49A4-A224-CFED5714BDBA}"
EndProject
Global
	GlobalSection(SolutionConfigurationPlatforms) = preSolution
		Debug|Any CPU = Debug|Any CPU
		Release|Any CPU = Release|Any CPU
	EndGlobalSection
	GlobalSection(ProjectConfigurationPlatforms) = postSolution
		{28724C6F-E51F-47B2-B428-0DBDB07B017D}.Debug|Any CPU.ActiveCfg = Debug|Any CPU
		{28724C6F-E51F-47B2-B428-0DBDB07B017D}.Debug|Any CPU.Build.0 = Debug|Any CPU
		{28724C6F-E51F-47B2-B428-0DBDB07B017D}.Release|Any CPU.ActiveCfg = Release|Any CPU
		{28724C6F-E51F-47B2-B428-0DBDB07B017D}.Release|Any CPU.Build.0 = Release|Any CPU
		{11D5871B-B353-4304-BDD3-2836B1073AB8}.Debug|Any CPU.ActiveCfg = Debug|Any CPU
		{11D5871B-B353-4304-BDD3-2836B1073AB8}.Debug|Any CPU.Build.0 = Debug|Any CPU
		{11D5871B-B353-4304-BDD3-2836B1073AB8}.Release|Any CPU.ActiveCfg = Release|Any CPU
		{11D5871B-B353-4304-BDD3-2836B1073AB8}.Release|Any CPU.Build.0 = Release|Any CPU
		{BDE1A3BF-BE58-49A4-A224-CFED5714BDBA}.Debug|Any CPU.ActiveCfg = Debug|Any CPU
		{BDE1A3BF-BE58-49A4-A224-CFED5714BDBA}.Debug|Any CPU.Build.0 = Debug|Any CPU
		{BDE1A3BF-BE58-49A4-A224-CFED5714BDBA}.Release|Any CPU.ActiveCfg = Release|Any CPU
		{BDE1A3BF-BE58-49A4-A224-CFED5714BDBA}.Release|Any CPU.Build.0 = Release|Any CPU
	EndGlobalSection
	GlobalSection(SolutionProperties) = preSolution
		HideSolutionNode = FALSE
	EndGlobalSection
	GlobalSection(ExtensibilityGlobals) = postSolution
		SolutionGuid = {F0BD2207-0FC9-4C5F-B251-607D45CA25CE}
	EndGlobalSection
EndGlobal
